
Microsoft Visual Studio Solution File, Format Version 12.00
# Visual Studio 2012
Project("{FAE04EC0-301F-11D3-BF4B-00C04F79EFBC}") = "spider", "spider\spider.csproj", "{502D4657-B1C9-49FA-A146-D3E22B97A0A7}"
EndProject
Project("{FAE04EC0-301F-11D3-BF4B-00C04F79EFBC}") = "LuceneTest", "LuceneTest\LuceneTest.csproj", "{2EFAEEDB-1A7D-4194-AEA8-F327C67AD26F}"
EndProject
Global
	GlobalSection(SolutionConfigurationPlatforms) = preSolution
		Debug|Any CPU = Debug|Any CPU
		Release|Any CPU = Release|Any CPU
	EndGlobalSection
	GlobalSection(ProjectConfigurationPlatforms) = postSolution
		{502D4657-B1C9-49FA-A146-D3E22B97A0A7}.Debug|Any CPU.ActiveCfg = Debug|Any CPU
		{502D4657-B1C9-49FA-A146-D3E22B97A0A7}.Debug|Any CPU.Build.0 = Debug|Any CPU
		{502D4657-B1C9-49FA-A146-D3E22B97A0A7}.Release|Any CPU.ActiveCfg = Release|Any CPU
		{502D4657-B1C9-49FA-A146-D3E22B97A0A7}.Release|Any CPU.Build.0 = Release|Any CPU
		{2EFAEEDB-1A7D-4194-AEA8-F327C67AD26F}.Debug|Any CPU.ActiveCfg = Debug|Any CPU
		{2EFAEEDB-1A7D-4194-AEA8-F327C67AD26F}.Debug|Any CPU.Build.0 = Debug|Any CPU
		{2EFAEEDB-1A7D-4194-AEA8-F327C67AD26F}.Release|Any CPU.ActiveCfg = Release|Any CPU
		{2EFAEEDB-1A7D-4194-AEA8-F327C67AD26F}.Release|Any CPU.Build.0 = Release|Any CPU
	EndGlobalSection
	GlobalSection(SolutionProperties) = preSolution
		HideSolutionNode = FALSE
	EndGlobalSection
EndGlobal
